<?xml version="1.0" encoding="utf-8"?>
<Project ToolsVersion="4.0" xmlns="http://schemas.microsoft.com/developer/msbuild/2003">
  <ItemGroup>
    <Filter Include="Source Files">
      <UniqueIdentifier>{4FC737F1-C7A5-4376-A066-2A32D752A2FF}</UniqueIdentifier>
      <Extensions>cpp;c;cc;cxx;def;odl;idl;hpj;bat;asm;asmx</Extensions>
    </Filter>
    <Filter Include="Resource Files">
      <UniqueIdentifier>{67DA6AB6-F800-4c08-8B7A-83BB121AAD01}</UniqueIdentifier>
      <Extensions>rc;ico;cur;bmp;dlg;rc2;rct;bin;rgs;gif;jpg;jpeg;jpe;resx;tiff;tif;png;wav;mfcribbon-ms</Extensions>
    </Filter>
    <Filter Include="Source Files\util">
      <UniqueIdentifier>{3ffa66de-3a01-4b37-bd18-7ea6166598f8}</UniqueIdentifier>
    </Filter>
    <Filter Include="Source Files\core">
      <UniqueIdentifier>{50dd9503-4ee7-4408-821b-c1caddb60100}</UniqueIdentifier>
    </Filter>
    <Filter Include="Source Files\math">
      <UniqueIdentifier>{313966ff-f5b5-48d9-bce7-610cf9a0ab7b}</UniqueIdentifier>
    </Filter>
    <Filter Include="Source Files\math\algebra">
      <UniqueIdentifier>{f9e9ca26-debb-4417-b5d7-59820848176c}</UniqueIdentifier>
    </Filter>
    <Filter Include="Source Files\math\algebra\base">
      <UniqueIdentifier>{91db8876-e71c-472c-866e-03dfb1e2bdc5}</UniqueIdentifier>
    </Filter>
    <Filter Include="Source Files\core\messaging">
      <UniqueIdentifier>{95aaa934-7062-4e0c-a3e6-2d67be85cc72}</UniqueIdentifier>
    </Filter>
    <Filter Include="Source Files\predefs">
      <UniqueIdentifier>{03c756eb-1037-4376-adbe-a5df8ecc089a}</UniqueIdentifier>
    </Filter>
  </ItemGroup>
  <ItemGroup>
    <ClInclude Include="message.h">
      <Filter>Source Files\core\messaging</Filter>
    </ClInclude>
    <ClInclude Include="error_handling.h">
      <Filter>Source Files\predefs</Filter>
    </ClInclude>
    <ClInclude Include="io_stream.h">
      <Filter>Source Files\predefs</Filter>
    </ClInclude>
    <ClInclude Include="strings.h">
      <Filter>Source Files\predefs</Filter>
    </ClInclude>
    <ClInclude Include="win_main.h">
      <Filter>Source Files\core</Filter>
    </ClInclude>
    <ClInclude Include="matrix.h">
      <Filter>Source Files\math\algebra\base</Filter>
    </ClInclude>
    <ClInclude Include="vector.h">
      <Filter>Source Files\math\algebra\base</Filter>
    </ClInclude>
    <ClInclude Include="lu_decomposition.h">
      <Filter>Source Files\math\algebra</Filter>
    </ClInclude>
    <ClInclude Include="dynamic_array.h">
      <Filter>Source Files\util</Filter>
    </ClInclude>
    <ClInclude Include="field.h">
      <Filter>Source Files\util</Filter>
    </ClInclude>
    <ClInclude Include="format.h">
      <Filter>Source Files\util</Filter>
    </ClInclude>
    <ClInclude Include="general.h">
      <Filter>Source Files\util</Filter>
    </ClInclude>
  </ItemGroup>
  <ItemGroup>
    <ClCompile Include="win_main.cc">
      <Filter>Source Files\core</Filter>
    </ClCompile>
    <ClCompile Include="format.cc">
      <Filter>Source Files\util</Filter>
    </ClCompile>
    <ClCompile Include="matrix.cc">
      <Filter>Source Files\math\algebra\base</Filter>
    </ClCompile>
    <ClCompile Include="lu_decomposition.cc">
      <Filter>Source Files\math\algebra</Filter>
    </ClCompile>
    <ClCompile Include="vector.cc">
      <Filter>Source Files\math\algebra\base</Filter>
    </ClCompile>
  </ItemGroup>
</Project>